
Microsoft Visual Studio Solution File, Format Version 12.00
# Visual Studio Version 17
VisualStudioVersion = 17.0.31903.59
MinimumVisualStudioVersion = 10.0.40219.1
Project("{2150E333-8FDC-42A3-9474-1A3956D46DE8}") = "backend", "backend", "{1AE8ACA6-933B-BF2A-3671-3E2EAC007D16}"
EndProject
Project("{2150E333-8FDC-42A3-9474-1A3956D46DE8}") = "src", "src", "{0F9113EE-888A-26D2-68B0-4A7D0A2A8745}"
EndProject
Project("{FAE04EC0-301F-11D3-BF4B-00C04F79EFBC}") = "APT.Domain", "backend\src\APT.Domain\APT.Domain.csproj", "{BBA5E7B1-ACD1-42A8-AFBC-648FC36EAA1D}"
EndProject
Project("{FAE04EC0-301F-11D3-BF4B-00C04F79EFBC}") = "APT.Application", "backend\src\APT.Application\APT.Application.csproj", "{E368F698-1B07-4C24-8CE0-1E0E608DC706}"
EndProject
Project("{FAE04EC0-301F-11D3-BF4B-00C04F79EFBC}") = "APT.Infrastructure", "backend\src\APT.Infrastructure\APT.Infrastructure.csproj", "{4BB32278-7F6D-4820-814B-F46F84726033}"
EndProject
Project("{FAE04EC0-301F-11D3-BF4B-00C04F79EFBC}") = "APT.Api", "backend\src\APT.Api\APT.Api.csproj", "{4205C34B-809C-4AEE-AF29-13ABA607C51E}"
EndProject
Project("{2150E333-8FDC-42A3-9474-1A3956D46DE8}") = "workers", "workers", "{F2528C87-4918-7EA7-7BD6-635DA80206B7}"
EndProject
Project("{FAE04EC0-301F-11D3-BF4B-00C04F79EFBC}") = "APT.IngestWorker", "backend\workers\APT.IngestWorker\APT.IngestWorker.csproj", "{C05AC275-885D-4032-9547-899B0BF3C37B}"
EndProject
Global
	GlobalSection(SolutionConfigurationPlatforms) = preSolution
		Debug|Any CPU = Debug|Any CPU
		Debug|x64 = Debug|x64
		Debug|x86 = Debug|x86
		Release|Any CPU = Release|Any CPU
		Release|x64 = Release|x64
		Release|x86 = Release|x86
	EndGlobalSection
	GlobalSection(ProjectConfigurationPlatforms) = postSolution
		{BBA5E7B1-ACD1-42A8-AFBC-648FC36EAA1D}.Debug|Any CPU.ActiveCfg = Debug|Any CPU
		{BBA5E7B1-ACD1-42A8-AFBC-648FC36EAA1D}.Debug|Any CPU.Build.0 = Debug|Any CPU
		{BBA5E7B1-ACD1-42A8-AFBC-648FC36EAA1D}.Debug|x64.ActiveCfg = Debug|Any CPU
		{BBA5E7B1-ACD1-42A8-AFBC-648FC36EAA1D}.Debug|x64.Build.0 = Debug|Any CPU
		{BBA5E7B1-ACD1-42A8-AFBC-648FC36EAA1D}.Debug|x86.ActiveCfg = Debug|Any CPU
		{BBA5E7B1-ACD1-42A8-AFBC-648FC36EAA1D}.Debug|x86.Build.0 = Debug|Any CPU
		{BBA5E7B1-ACD1-42A8-AFBC-648FC36EAA1D}.Release|Any CPU.ActiveCfg = Release|Any CPU
		{BBA5E7B1-ACD1-42A8-AFBC-648FC36EAA1D}.Release|Any CPU.Build.0 = Release|Any CPU
		{BBA5E7B1-ACD1-42A8-AFBC-648FC36EAA1D}.Release|x64.ActiveCfg = Release|Any CPU
		{BBA5E7B1-ACD1-42A8-AFBC-648FC36EAA1D}.Release|x64.Build.0 = Release|Any CPU
		{BBA5E7B1-ACD1-42A8-AFBC-648FC36EAA1D}.Release|x86.ActiveCfg = Release|Any CPU
		{BBA5E7B1-ACD1-42A8-AFBC-648FC36EAA1D}.Release|x86.Build.0 = Release|Any CPU
		{E368F698-1B07-4C24-8CE0-1E0E608DC706}.Debug|Any CPU.ActiveCfg = Debug|Any CPU
		{E368F698-1B07-4C24-8CE0-1E0E608DC706}.Debug|Any CPU.Build.0 = Debug|Any CPU
		{E368F698-1B07-4C24-8CE0-1E0E608DC706}.Debug|x64.ActiveCfg = Debug|Any CPU
		{E368F698-1B07-4C24-8CE0-1E0E608DC706}.Debug|x64.Build.0 = Debug|Any CPU
		{E368F698-1B07-4C24-8CE0-1E0E608DC706}.Debug|x86.ActiveCfg = Debug|Any CPU
		{E368F698-1B07-4C24-8CE0-1E0E608DC706}.Debug|x86.Build.0 = Debug|Any CPU
		{E368F698-1B07-4C24-8CE0-1E0E608DC706}.Release|Any CPU.ActiveCfg = Release|Any CPU
		{E368F698-1B07-4C24-8CE0-1E0E608DC706}.Release|Any CPU.Build.0 = Release|Any CPU
		{E368F698-1B07-4C24-8CE0-1E0E608DC706}.Release|x64.ActiveCfg = Release|Any CPU
		{E368F698-1B07-4C24-8CE0-1E0E608DC706}.Release|x64.Build.0 = Release|Any CPU
		{E368F698-1B07-4C24-8CE0-1E0E608DC706}.Release|x86.ActiveCfg = Release|Any CPU
		{E368F698-1B07-4C24-8CE0-1E0E608DC706}.Release|x86.Build.0 = Release|Any CPU
		{4BB32278-7F6D-4820-814B-F46F84726033}.Debug|Any CPU.ActiveCfg = Debug|Any CPU
		{4BB32278-7F6D-4820-814B-F46F84726033}.Debug|Any CPU.Build.0 = Debug|Any CPU
		{4BB32278-7F6D-4820-814B-F46F84726033}.Debug|x64.ActiveCfg = Debug|Any CPU
		{4BB32278-7F6D-4820-814B-F46F84726033}.Debug|x64.Build.0 = Debug|Any CPU
		{4BB32278-7F6D-4820-814B-F46F84726033}.Debug|x86.ActiveCfg = Debug|Any CPU
		{4BB32278-7F6D-4820-814B-F46F84726033}.Debug|x86.Build.0 = Debug|Any CPU
		{4BB32278-7F6D-4820-814B-F46F84726033}.Release|Any CPU.ActiveCfg = Release|Any CPU
		{4BB32278-7F6D-4820-814B-F46F84726033}.Release|Any CPU.Build.0 = Release|Any CPU
		{4BB32278-7F6D-4820-814B-F46F84726033}.Release|x64.ActiveCfg = Release|Any CPU
		{4BB32278-7F6D-4820-814B-F46F84726033}.Release|x64.Build.0 = Release|Any CPU
		{4BB32278-7F6D-4820-814B-F46F84726033}.Release|x86.ActiveCfg = Release|Any CPU
		{4BB32278-7F6D-4820-814B-F46F84726033}.Release|x86.Build.0 = Release|Any CPU
		{4205C34B-809C-4AEE-AF29-13ABA607C51E}.Debug|Any CPU.ActiveCfg = Debug|Any CPU
		{4205C34B-809C-4AEE-AF29-13ABA607C51E}.Debug|Any CPU.Build.0 = Debug|Any CPU
		{4205C34B-809C-4AEE-AF29-13ABA607C51E}.Debug|x64.ActiveCfg = Debug|Any CPU
		{4205C34B-809C-4AEE-AF29-13ABA607C51E}.Debug|x64.Build.0 = Debug|Any CPU
		{4205C34B-809C-4AEE-AF29-13ABA607C51E}.Debug|x86.ActiveCfg = Debug|Any CPU
		{4205C34B-809C-4AEE-AF29-13ABA607C51E}.Debug|x86.Build.0 = Debug|Any CPU
		{4205C34B-809C-4AEE-AF29-13ABA607C51E}.Release|Any CPU.ActiveCfg = Release|Any CPU
		{4205C34B-809C-4AEE-AF29-13ABA607C51E}.Release|Any CPU.Build.0 = Release|Any CPU
		{4205C34B-809C-4AEE-AF29-13ABA607C51E}.Release|x64.ActiveCfg = Release|Any CPU
		{4205C34B-809C-4AEE-AF29-13ABA607C51E}.Release|x64.Build.0 = Release|Any CPU
		{4205C34B-809C-4AEE-AF29-13ABA607C51E}.Release|x86.ActiveCfg = Release|Any CPU
		{4205C34B-809C-4AEE-AF29-13ABA607C51E}.Release|x86.Build.0 = Release|Any CPU
		{C05AC275-885D-4032-9547-899B0BF3C37B}.Debug|Any CPU.ActiveCfg = Debug|Any CPU
		{C05AC275-885D-4032-9547-899B0BF3C37B}.Debug|Any CPU.Build.0 = Debug|Any CPU
		{C05AC275-885D-4032-9547-899B0BF3C37B}.Debug|x64.ActiveCfg = Debug|Any CPU
		{C05AC275-885D-4032-9547-899B0BF3C37B}.Debug|x64.Build.0 = Debug|Any CPU
		{C05AC275-885D-4032-9547-899B0BF3C37B}.Debug|x86.ActiveCfg = Debug|Any CPU
		{C05AC275-885D-4032-9547-899B0BF3C37B}.Debug|x86.Build.0 = Debug|Any CPU
		{C05AC275-885D-4032-9547-899B0BF3C37B}.Release|Any CPU.ActiveCfg = Release|Any CPU
		{C05AC275-885D-4032-9547-899B0BF3C37B}.Release|Any CPU.Build.0 = Release|Any CPU
		{C05AC275-885D-4032-9547-899B0BF3C37B}.Release|x64.ActiveCfg = Release|Any CPU
		{C05AC275-885D-4032-9547-899B0BF3C37B}.Release|x64.Build.0 = Release|Any CPU
		{C05AC275-885D-4032-9547-899B0BF3C37B}.Release|x86.ActiveCfg = Release|Any CPU
		{C05AC275-885D-4032-9547-899B0BF3C37B}.Release|x86.Build.0 = Release|Any CPU
	EndGlobalSection
	GlobalSection(SolutionProperties) = preSolution
		HideSolutionNode = FALSE
	EndGlobalSection
	GlobalSection(NestedProjects) = preSolution
		{0F9113EE-888A-26D2-68B0-4A7D0A2A8745} = {1AE8ACA6-933B-BF2A-3671-3E2EAC007D16}
		{BBA5E7B1-ACD1-42A8-AFBC-648FC36EAA1D} = {0F9113EE-888A-26D2-68B0-4A7D0A2A8745}
		{E368F698-1B07-4C24-8CE0-1E0E608DC706} = {0F9113EE-888A-26D2-68B0-4A7D0A2A8745}
		{4BB32278-7F6D-4820-814B-F46F84726033} = {0F9113EE-888A-26D2-68B0-4A7D0A2A8745}
		{4205C34B-809C-4AEE-AF29-13ABA607C51E} = {0F9113EE-888A-26D2-68B0-4A7D0A2A8745}
		{F2528C87-4918-7EA7-7BD6-635DA80206B7} = {1AE8ACA6-933B-BF2A-3671-3E2EAC007D16}
		{C05AC275-885D-4032-9547-899B0BF3C37B} = {F2528C87-4918-7EA7-7BD6-635DA80206B7}
	EndGlobalSection
EndGlobal
